
Microsoft Visual Studio Solution File, Format Version 12.00
# Visual Studio Version 16
VisualStudioVersion = 16.0.28803.156
MinimumVisualStudioVersion = 10.0.40219.1
Project("{F2A71F9B-5D33-465A-A702-920D77279786}") = "ind13", "ind13\ind13.fsproj", "{CFD80990-52A5-4BCB-8522-C0C26C25C13E}"
EndProject
Global
	GlobalSection(SolutionConfigurationPlatforms) = preSolution
		Debug|Any CPU = Debug|Any CPU
		Release|Any CPU = Release|Any CPU
	EndGlobalSection
	GlobalSection(ProjectConfigurationPlatforms) = postSolution
		{CFD80990-52A5-4BCB-8522-C0C26C25C13E}.Debug|Any CPU.ActiveCfg = Debug|Any CPU
		{CFD80990-52A5-4BCB-8522-C0C26C25C13E}.Debug|Any CPU.Build.0 = Debug|Any CPU
		{CFD80990-52A5-4BCB-8522-C0C26C25C13E}.Release|Any CPU.ActiveCfg = Release|Any CPU
		{CFD80990-52A5-4BCB-8522-C0C26C25C13E}.Release|Any CPU.Build.0 = Release|Any CPU
	EndGlobalSection
	GlobalSection(SolutionProperties) = preSolution
		HideSolutionNode = FALSE
	EndGlobalSection
	GlobalSection(ExtensibilityGlobals) = postSolution
		SolutionGuid = {954EEFE9-B8C4-4484-8FF8-3A575335BC56}
	EndGlobalSection
EndGlobal
